{
  "name": "swim-line-helper",
  "lockfileVersion": 3,
  "requires": true,
  "packages": {
    "": {
      "dependencies": {
        "alpinejs": "^3.14.1"
      }
    },
    "node_modules/@vue/reactivity": {
      "version": "3.1.5",
      "resolved": "http://r.npm.sankuai.com/@vue/reactivity/download/@vue/reactivity-3.1.5.tgz",
      "integrity": "sha1-2+xNlVf3yPJcJjXbHiOninKeuZE=",
      "license": "MIT",
      "dependencies": {
        "@vue/shared": "3.1.5"
      }
    },
    "node_modules/@vue/shared": {
      "version": "3.1.5",
      "resolved": "http://r.npm.sankuai.com/@vue/shared/download/@vue/shared-3.1.5.tgz",
      "integrity": "sha1-dO46rZldCjmWpruVM9TSgFFO3gM=",
      "license": "MIT"
    },
    "node_modules/alpinejs": {
      "version": "3.14.1",
      "resolved": "http://r.npm.sankuai.com/alpinejs/download/alpinejs-3.14.1.tgz",
      "integrity": "sha1-VJ4FbDt15XwPIwdqE83gnaaEugo=",
      "license": "MIT",
      "dependencies": {
        "@vue/reactivity": "~3.1.1"
      }
    }
  }
}
